
Microsoft Visual Studio Solution File, Format Version 12.00
# Visual Studio 2013
VisualStudioVersion = 12.0.31101.0
MinimumVisualStudioVersion = 10.0.40219.1
Project("{FAE04EC0-301F-11D3-BF4B-00C04F79EFBC}") = "Contracts", "Contracts\Contracts.csproj", "{3DE37F9D-FF7C-4A29-80A0-0C23638FEA2B}"
EndProject
Project("{FAE04EC0-301F-11D3-BF4B-00C04F79EFBC}") = "Services", "Services\Services.csproj", "{EF973678-E647-4027-9207-78D9AF33AA53}"
EndProject
Project("{2150E333-8FDC-42A3-9474-1A3956D46DE8}") = "Services", "Services", "{1CF0FAB0-0330-49A2-B683-3D240C7B8C56}"
EndProject
Project("{2150E333-8FDC-42A3-9474-1A3956D46DE8}") = "Consumers", "Consumers", "{3E0A8CB6-C20C-43EB-8083-DEBD465AB951}"
EndProject
Project("{2150E333-8FDC-42A3-9474-1A3956D46DE8}") = "Testing", "Testing", "{36E44A20-BEB4-4BF2-B32B-B524DB82B954}"
EndProject
Project("{FAE04EC0-301F-11D3-BF4B-00C04F79EFBC}") = "ConsumerTests", "ConsumerTests\ConsumerTests.csproj", "{CFD5FCAE-9D05-4345-81BB-5CEE120EA00F}"
EndProject
Project("{FAE04EC0-301F-11D3-BF4B-00C04F79EFBC}") = "UnitTests", "UnitTests\UnitTests.csproj", "{B7B27491-84ED-4115-A236-BDEF23B047CD}"
EndProject
Project("{FAE04EC0-301F-11D3-BF4B-00C04F79EFBC}") = "StubData", "StubData\StubData.csproj", "{B192B90D-C98F-4446-B698-ADC5CF1C088E}"
EndProject
Project("{2150E333-8FDC-42A3-9474-1A3956D46DE8}") = "Hosts", "Hosts", "{CA0B6FC8-1B6C-4AAF-AACE-4E96839D9F6F}"
EndProject
Project("{FAE04EC0-301F-11D3-BF4B-00C04F79EFBC}") = "HttpConsumer", "HttpConsumer\HttpConsumer.csproj", "{010F8657-E01C-4ED5-A202-438B6EFCA9C7}"
EndProject
Project("{FAE04EC0-301F-11D3-BF4B-00C04F79EFBC}") = "HttpHost", "HttpHost\HttpHost.csproj", "{B13CDEE4-72FA-4873-9E8E-639A55EAF196}"
EndProject
Project("{FAE04EC0-301F-11D3-BF4B-00C04F79EFBC}") = "TcpHost", "TcpHost\TcpHost.csproj", "{A9467F4D-15B4-4452-8B56-C29EFCCBFA65}"
EndProject
Project("{FAE04EC0-301F-11D3-BF4B-00C04F79EFBC}") = "PipesHost", "PipesHost\PipesHost.csproj", "{36E68EB9-E0E7-414C-B0D3-7DA068E12093}"
EndProject
Project("{FAE04EC0-301F-11D3-BF4B-00C04F79EFBC}") = "TcpConsumer", "TcpConsumer\TcpConsumer.csproj", "{7A33926A-8562-4E22-8F07-310CD3ADC410}"
EndProject
Project("{FAE04EC0-301F-11D3-BF4B-00C04F79EFBC}") = "LocalPipeConsumer", "LocalPipeConsumer\LocalPipeConsumer.csproj", "{C589B119-AC5C-4953-87F5-3D4562533AD1}"
EndProject
Global
	GlobalSection(SolutionConfigurationPlatforms) = preSolution
		Debug|Any CPU = Debug|Any CPU
		Release|Any CPU = Release|Any CPU
	EndGlobalSection
	GlobalSection(ProjectConfigurationPlatforms) = postSolution
		{3DE37F9D-FF7C-4A29-80A0-0C23638FEA2B}.Debug|Any CPU.ActiveCfg = Debug|Any CPU
		{3DE37F9D-FF7C-4A29-80A0-0C23638FEA2B}.Debug|Any CPU.Build.0 = Debug|Any CPU
		{3DE37F9D-FF7C-4A29-80A0-0C23638FEA2B}.Release|Any CPU.ActiveCfg = Release|Any CPU
		{3DE37F9D-FF7C-4A29-80A0-0C23638FEA2B}.Release|Any CPU.Build.0 = Release|Any CPU
		{EF973678-E647-4027-9207-78D9AF33AA53}.Debug|Any CPU.ActiveCfg = Debug|Any CPU
		{EF973678-E647-4027-9207-78D9AF33AA53}.Debug|Any CPU.Build.0 = Debug|Any CPU
		{EF973678-E647-4027-9207-78D9AF33AA53}.Release|Any CPU.ActiveCfg = Release|Any CPU
		{EF973678-E647-4027-9207-78D9AF33AA53}.Release|Any CPU.Build.0 = Release|Any CPU
		{CFD5FCAE-9D05-4345-81BB-5CEE120EA00F}.Debug|Any CPU.ActiveCfg = Debug|Any CPU
		{CFD5FCAE-9D05-4345-81BB-5CEE120EA00F}.Debug|Any CPU.Build.0 = Debug|Any CPU
		{CFD5FCAE-9D05-4345-81BB-5CEE120EA00F}.Release|Any CPU.ActiveCfg = Release|Any CPU
		{CFD5FCAE-9D05-4345-81BB-5CEE120EA00F}.Release|Any CPU.Build.0 = Release|Any CPU
		{B7B27491-84ED-4115-A236-BDEF23B047CD}.Debug|Any CPU.ActiveCfg = Debug|Any CPU
		{B7B27491-84ED-4115-A236-BDEF23B047CD}.Debug|Any CPU.Build.0 = Debug|Any CPU
		{B7B27491-84ED-4115-A236-BDEF23B047CD}.Release|Any CPU.ActiveCfg = Release|Any CPU
		{B7B27491-84ED-4115-A236-BDEF23B047CD}.Release|Any CPU.Build.0 = Release|Any CPU
		{B192B90D-C98F-4446-B698-ADC5CF1C088E}.Debug|Any CPU.ActiveCfg = Debug|Any CPU
		{B192B90D-C98F-4446-B698-ADC5CF1C088E}.Debug|Any CPU.Build.0 = Debug|Any CPU
		{B192B90D-C98F-4446-B698-ADC5CF1C088E}.Release|Any CPU.ActiveCfg = Release|Any CPU
		{B192B90D-C98F-4446-B698-ADC5CF1C088E}.Release|Any CPU.Build.0 = Release|Any CPU
		{010F8657-E01C-4ED5-A202-438B6EFCA9C7}.Debug|Any CPU.ActiveCfg = Debug|Any CPU
		{010F8657-E01C-4ED5-A202-438B6EFCA9C7}.Debug|Any CPU.Build.0 = Debug|Any CPU
		{010F8657-E01C-4ED5-A202-438B6EFCA9C7}.Release|Any CPU.ActiveCfg = Release|Any CPU
		{010F8657-E01C-4ED5-A202-438B6EFCA9C7}.Release|Any CPU.Build.0 = Release|Any CPU
		{B13CDEE4-72FA-4873-9E8E-639A55EAF196}.Debug|Any CPU.ActiveCfg = Debug|Any CPU
		{B13CDEE4-72FA-4873-9E8E-639A55EAF196}.Debug|Any CPU.Build.0 = Debug|Any CPU
		{B13CDEE4-72FA-4873-9E8E-639A55EAF196}.Release|Any CPU.ActiveCfg = Release|Any CPU
		{B13CDEE4-72FA-4873-9E8E-639A55EAF196}.Release|Any CPU.Build.0 = Release|Any CPU
		{A9467F4D-15B4-4452-8B56-C29EFCCBFA65}.Debug|Any CPU.ActiveCfg = Debug|Any CPU
		{A9467F4D-15B4-4452-8B56-C29EFCCBFA65}.Debug|Any CPU.Build.0 = Debug|Any CPU
		{A9467F4D-15B4-4452-8B56-C29EFCCBFA65}.Release|Any CPU.ActiveCfg = Release|Any CPU
		{A9467F4D-15B4-4452-8B56-C29EFCCBFA65}.Release|Any CPU.Build.0 = Release|Any CPU
		{36E68EB9-E0E7-414C-B0D3-7DA068E12093}.Debug|Any CPU.ActiveCfg = Debug|Any CPU
		{36E68EB9-E0E7-414C-B0D3-7DA068E12093}.Debug|Any CPU.Build.0 = Debug|Any CPU
		{36E68EB9-E0E7-414C-B0D3-7DA068E12093}.Release|Any CPU.ActiveCfg = Release|Any CPU
		{36E68EB9-E0E7-414C-B0D3-7DA068E12093}.Release|Any CPU.Build.0 = Release|Any CPU
		{7A33926A-8562-4E22-8F07-310CD3ADC410}.Debug|Any CPU.ActiveCfg = Debug|Any CPU
		{7A33926A-8562-4E22-8F07-310CD3ADC410}.Debug|Any CPU.Build.0 = Debug|Any CPU
		{7A33926A-8562-4E22-8F07-310CD3ADC410}.Release|Any CPU.ActiveCfg = Release|Any CPU
		{7A33926A-8562-4E22-8F07-310CD3ADC410}.Release|Any CPU.Build.0 = Release|Any CPU
		{C589B119-AC5C-4953-87F5-3D4562533AD1}.Debug|Any CPU.ActiveCfg = Debug|Any CPU
		{C589B119-AC5C-4953-87F5-3D4562533AD1}.Debug|Any CPU.Build.0 = Debug|Any CPU
		{C589B119-AC5C-4953-87F5-3D4562533AD1}.Release|Any CPU.ActiveCfg = Release|Any CPU
		{C589B119-AC5C-4953-87F5-3D4562533AD1}.Release|Any CPU.Build.0 = Release|Any CPU
	EndGlobalSection
	GlobalSection(SolutionProperties) = preSolution
		HideSolutionNode = FALSE
	EndGlobalSection
	GlobalSection(NestedProjects) = preSolution
		{3DE37F9D-FF7C-4A29-80A0-0C23638FEA2B} = {1CF0FAB0-0330-49A2-B683-3D240C7B8C56}
		{EF973678-E647-4027-9207-78D9AF33AA53} = {1CF0FAB0-0330-49A2-B683-3D240C7B8C56}
		{CFD5FCAE-9D05-4345-81BB-5CEE120EA00F} = {36E44A20-BEB4-4BF2-B32B-B524DB82B954}
		{B7B27491-84ED-4115-A236-BDEF23B047CD} = {36E44A20-BEB4-4BF2-B32B-B524DB82B954}
		{B192B90D-C98F-4446-B698-ADC5CF1C088E} = {36E44A20-BEB4-4BF2-B32B-B524DB82B954}
		{010F8657-E01C-4ED5-A202-438B6EFCA9C7} = {3E0A8CB6-C20C-43EB-8083-DEBD465AB951}
		{B13CDEE4-72FA-4873-9E8E-639A55EAF196} = {CA0B6FC8-1B6C-4AAF-AACE-4E96839D9F6F}
		{A9467F4D-15B4-4452-8B56-C29EFCCBFA65} = {CA0B6FC8-1B6C-4AAF-AACE-4E96839D9F6F}
		{36E68EB9-E0E7-414C-B0D3-7DA068E12093} = {CA0B6FC8-1B6C-4AAF-AACE-4E96839D9F6F}
		{7A33926A-8562-4E22-8F07-310CD3ADC410} = {3E0A8CB6-C20C-43EB-8083-DEBD465AB951}
		{C589B119-AC5C-4953-87F5-3D4562533AD1} = {3E0A8CB6-C20C-43EB-8083-DEBD465AB951}
	EndGlobalSection
EndGlobal
